{
  "name": "redux-demo",
  "version": "1.0.0",
  "lockfileVersion": 1,
  "requires": true,
  "dependencies": {
    "js-tokens": {
      "version": "4.0.0",
      "resolved": "http://registry.npm.release.ctripcorp.com/js-tokens/download/js-tokens-4.0.0.tgz",
      "integrity": "sha1-GSA/tZmR35jjoocFDUZHzerzJJk="
    },
    "loose-envify": {
      "version": "1.4.0",
      "resolved": "http://registry.npm.release.ctripcorp.com/loose-envify/download/loose-envify-1.4.0.tgz",
      "integrity": "sha1-ce5R+nvkyuwaY4OffmgtgTLTDK8=",
      "requires": {
        "js-tokens": "^3.0.0 || ^4.0.0"
      }
    },
    "redux": {
      "version": "4.0.5",
      "resolved": "http://registry.npm.release.ctripcorp.com/redux/download/redux-4.0.5.tgz",
      "integrity": "sha1-TbXeWBbheJHeioDEJCMtBvBR2T8=",
      "requires": {
        "loose-envify": "^1.4.0",
        "symbol-observable": "^1.2.0"
      }
    },
    "symbol-observable": {
      "version": "1.2.0",
      "resolved": "http://registry.npm.release.ctripcorp.com/symbol-observable/download/symbol-observable-1.2.0.tgz",
      "integrity": "sha1-wiaIrtTqs83C3+rLtWFmBWCgCAQ="
    }
  }
}
